
Microsoft Visual Studio Solution File, Format Version 12.00
# Visual Studio Version 17
VisualStudioVersion = 17.9.34728.123
MinimumVisualStudioVersion = 10.0.40219.1
Project("{FAE04EC0-301F-11D3-BF4B-00C04F79EFBC}") = "TP2Exercicio2", "TP2Exercicio2\TP2Exercicio2.csproj", "{EFAF6DB6-C2DD-40B5-AD98-901BD44F48D4}"
EndProject
Global
	GlobalSection(SolutionConfigurationPlatforms) = preSolution
		Debug|Any CPU = Debug|Any CPU
		Release|Any CPU = Release|Any CPU
	EndGlobalSection
	GlobalSection(ProjectConfigurationPlatforms) = postSolution
		{EFAF6DB6-C2DD-40B5-AD98-901BD44F48D4}.Debug|Any CPU.ActiveCfg = Debug|Any CPU
		{EFAF6DB6-C2DD-40B5-AD98-901BD44F48D4}.Debug|Any CPU.Build.0 = Debug|Any CPU
		{EFAF6DB6-C2DD-40B5-AD98-901BD44F48D4}.Release|Any CPU.ActiveCfg = Release|Any CPU
		{EFAF6DB6-C2DD-40B5-AD98-901BD44F48D4}.Release|Any CPU.Build.0 = Release|Any CPU
	EndGlobalSection
	GlobalSection(SolutionProperties) = preSolution
		HideSolutionNode = FALSE
	EndGlobalSection
	GlobalSection(ExtensibilityGlobals) = postSolution
		SolutionGuid = {FF9BA4E2-21BC-4270-AADF-B585FC414844}
	EndGlobalSection
EndGlobal
